// !$*UTF8*$!
{
	archiveVersion = 1;
	classes = {
	};
	objectVersion = 46;
	objects = {

/* Begin PBXBuildFile section */
		8F0B023E1AC5E2E900DA3FB1 /* main.c in Sources */ = {isa = PBXBuildFile; fileRef = 8F0B023D1AC5E2E900DA3FB1 /* main.c */; };
		8F0B02451AC5E31100DA3FB1 /* SDL2.framework in Frameworks */ = {isa = PBXBuildFile; fileRef = 8F0B02441AC5E31100DA3FB1 /* SDL2.framework */; };
		D1308E931ADAF98800F45979 /* SDL2_mixer.framework in Frameworks */ = {isa = PBXBuildFile; fileRef = D1308E921ADAF98800F45979 /* SDL2_mixer.framework */; };
		D177077F1AC60E690086941A /* SDL2_image.framework in Frameworks */ = {isa = PBXBuildFile; fileRef = D177077E1AC60E690086941A /* SDL2_image.framework */; };
		D17707841AC60EF90086941A /* initialisation.c in Sources */ = {isa = PBXBuildFile; fileRef = D17707831AC60EF90086941A /* initialisation.c */; };
		D17707861AC614930086941A /* loadings.c in Sources */ = {isa = PBXBuildFile; fileRef = D17707851AC614930086941A /* loadings.c */; };
		D17707951ACCA0930086941A /* mouvements.c in Sources */ = {isa = PBXBuildFile; fileRef = D17707941ACCA0930086941A /* mouvements.c */; };
/* End PBXBuildFile section */

/* Begin PBXCopyFilesBuildPhase section */
		8F0B02381AC5E2E900DA3FB1 /* CopyFiles */ = {
			isa = PBXCopyFilesBuildPhase;
			buildActionMask = 12;
			dstPath = usr/share/man/man1;
			dstSubfolderSpec = 16;
			files = (
			);
			runOnlyForDeploymentPostprocessing = 0;
		};
/* End PBXCopyFilesBuildPhase section */

/* Begin PBXFileReference section */
		8F0B023A1AC5E2E900DA3FB1 /* space_invaders */ = {isa = PBXFileReference; explicitFileType = "compiled.mach-o.executable"; includeInIndex = 0; path = space_invaders; sourceTree = BUILT_PRODUCTS_DIR; };
		8F0B023D1AC5E2E900DA3FB1 /* main.c */ = {isa = PBXFileReference; lastKnownFileType = sourcecode.c.c; path = main.c; sourceTree = "<group>"; };
		8F0B02441AC5E31100DA3FB1 /* SDL2.framework */ = {isa = PBXFileReference; lastKnownFileType = wrapper.framework; name = SDL2.framework; path = ../../../../../../Library/Frameworks/SDL2.framework; sourceTree = "<group>"; };
		D12B60631ADDB7A600BF691C /* sounds */ = {isa = PBXFileReference; lastKnownFileType = folder; name = sounds; path = space_invaders/sounds; sourceTree = SOURCE_ROOT; };
		D1308E921ADAF98800F45979 /* SDL2_mixer.framework */ = {isa = PBXFileReference; lastKnownFileType = wrapper.framework; name = SDL2_mixer.framework; path = ../../../../Library/Frameworks/SDL2_mixer.framework; sourceTree = "<group>"; };
		D13AB18B1ACFD163002D47A4 /* 1428113676_bullet_white.png */ = {isa = PBXFileReference; lastKnownFileType = image.png; path = 1428113676_bullet_white.png; sourceTree = "<group>"; };
		D177077E1AC60E690086941A /* SDL2_image.framework */ = {isa = PBXFileReference; lastKnownFileType = wrapper.framework; name = SDL2_image.framework; path = ../../../../Library/Frameworks/SDL2_image.framework; sourceTree = "<group>"; };
		D17707811AC60EB10086941A /* main.h */ = {isa = PBXFileReference; lastKnownFileType = sourcecode.c.h; path = main.h; sourceTree = "<group>"; };
		D17707831AC60EF90086941A /* initialisation.c */ = {isa = PBXFileReference; fileEncoding = 4; lastKnownFileType = sourcecode.c.c; path = initialisation.c; sourceTree = "<group>"; };
		D17707851AC614930086941A /* loadings.c */ = {isa = PBXFileReference; fileEncoding = 4; lastKnownFileType = sourcecode.c.c; path = loadings.c; sourceTree = "<group>"; };
		D17707871AC619D00086941A /* main_file.h */ = {isa = PBXFileReference; fileEncoding = 4; lastKnownFileType = sourcecode.c.h; path = main_file.h; sourceTree = "<group>"; };
		D17707891AC7549A0086941A /* images.bmp */ = {isa = PBXFileReference; lastKnownFileType = image.bmp; path = images.bmp; sourceTree = "<group>"; };
		D177078A1AC7549A0086941A /* space-invaders-hi.png */ = {isa = PBXFileReference; lastKnownFileType = image.png; path = "space-invaders-hi.png"; sourceTree = "<group>"; };
		D177078B1AC7549A0086941A /* space-ship-md.png */ = {isa = PBXFileReference; lastKnownFileType = image.png; name = "space-ship-md.png"; path = "space_invaders/space-ship-md.png"; sourceTree = SOURCE_ROOT; };
		D17707941ACCA0930086941A /* mouvements.c */ = {isa = PBXFileReference; fileEncoding = 4; lastKnownFileType = sourcecode.c.c; path = mouvements.c; sourceTree = "<group>"; };
/* End PBXFileReference section */

/* Begin PBXFrameworksBuildPhase section */
		8F0B02371AC5E2E900DA3FB1 /* Frameworks */ = {
			isa = PBXFrameworksBuildPhase;
			buildActionMask = 2147483647;
			files = (
				D1308E931ADAF98800F45979 /* SDL2_mixer.framework in Frameworks */,
				D177077F1AC60E690086941A /* SDL2_image.framework in Frameworks */,
				8F0B02451AC5E31100DA3FB1 /* SDL2.framework in Frameworks */,
			);
			runOnlyForDeploymentPostprocessing = 0;
		};
/* End PBXFrameworksBuildPhase section */

/* Begin PBXGroup section */
		8F0B02311AC5E2E900DA3FB1 = {
			isa = PBXGroup;
			children = (
				D1308E921ADAF98800F45979 /* SDL2_mixer.framework */,
				D177077E1AC60E690086941A /* SDL2_image.framework */,
				8F0B02441AC5E31100DA3FB1 /* SDL2.framework */,
				8F0B023C1AC5E2E900DA3FB1 /* space_invaders */,
				8F0B023B1AC5E2E900DA3FB1 /* Products */,
			);
			sourceTree = "<group>";
		};
		8F0B023B1AC5E2E900DA3FB1 /* Products */ = {
			isa = PBXGroup;
			children = (
				8F0B023A1AC5E2E900DA3FB1 /* space_invaders */,
			);
			name = Products;
			sourceTree = "<group>";
		};
		8F0B023C1AC5E2E900DA3FB1 /* space_invaders */ = {
			isa = PBXGroup;
			children = (
				D12D026E1ADC65550093F82E /* sounds */,
				D17707881AC62BEA0086941A /* img */,
				D17707821AC60EBA0086941A /* files */,
				D17707801AC60E7A0086941A /* includes */,
				8F0B023D1AC5E2E900DA3FB1 /* main.c */,
			);
			path = space_invaders;
			sourceTree = SOURCE_ROOT;
		};
		D12D026E1ADC65550093F82E /* sounds */ = {
			isa = PBXGroup;
			children = (
				D12B60631ADDB7A600BF691C /* sounds */,
			);
			name = sounds;
			sourceTree = "<group>";
		};
		D17707801AC60E7A0086941A /* includes */ = {
			isa = PBXGroup;
			children = (
				D17707811AC60EB10086941A /* main.h */,
				D17707871AC619D00086941A /* main_file.h */,
			);
			name = includes;
			sourceTree = "<group>";
		};
		D17707821AC60EBA0086941A /* files */ = {
			isa = PBXGroup;
			children = (
				D17707831AC60EF90086941A /* initialisation.c */,
				D17707851AC614930086941A /* loadings.c */,
				D17707941ACCA0930086941A /* mouvements.c */,
			);
			name = files;
			sourceTree = "<group>";
		};
		D17707881AC62BEA0086941A /* img */ = {
			isa = PBXGroup;
			children = (
				D13AB18B1ACFD163002D47A4 /* 1428113676_bullet_white.png */,
				D17707891AC7549A0086941A /* images.bmp */,
				D177078A1AC7549A0086941A /* space-invaders-hi.png */,
				D177078B1AC7549A0086941A /* space-ship-md.png */,
			);
			name = img;
			sourceTree = "<group>";
		};
/* End PBXGroup section */

/* Begin PBXNativeTarget section */
		8F0B02391AC5E2E900DA3FB1 /* space_invaders */ = {
			isa = PBXNativeTarget;
			buildConfigurationList = 8F0B02411AC5E2E900DA3FB1 /* Build configuration list for PBXNativeTarget "space_invaders" */;
			buildPhases = (
				8F0B02361AC5E2E900DA3FB1 /* Sources */,
				8F0B02371AC5E2E900DA3FB1 /* Frameworks */,
				8F0B02381AC5E2E900DA3FB1 /* CopyFiles */,
			);
			buildRules = (
			);
			dependencies = (
			);
			name = space_invaders;
			productName = space_invaders;
			productReference = 8F0B023A1AC5E2E900DA3FB1 /* space_invaders */;
			productType = "com.apple.product-type.tool";
		};
/* End PBXNativeTarget section */

/* Begin PBXProject section */
		8F0B02321AC5E2E900DA3FB1 /* Project object */ = {
			isa = PBXProject;
			attributes = {
				LastUpgradeCheck = 0620;
				ORGANIZATIONNAME = ETNA;
				TargetAttributes = {
					8F0B02391AC5E2E900DA3FB1 = {
						CreatedOnToolsVersion = 6.2;
					};
				};
			};
			buildConfigurationList = 8F0B02351AC5E2E900DA3FB1 /* Build configuration list for PBXProject "space_invaders" */;
			compatibilityVersion = "Xcode 3.2";
			developmentRegion = English;
			hasScannedForEncodings = 0;
			knownRegions = (
				en,
			);
			mainGroup = 8F0B02311AC5E2E900DA3FB1;
			productRefGroup = 8F0B023B1AC5E2E900DA3FB1 /* Products */;
			projectDirPath = "";
			projectRoot = "";
			targets = (
				8F0B02391AC5E2E900DA3FB1 /* space_invaders */,
			);
		};
/* End PBXProject section */

/* Begin PBXSourcesBuildPhase section */
		8F0B02361AC5E2E900DA3FB1 /* Sources */ = {
			isa = PBXSourcesBuildPhase;
			buildActionMask = 2147483647;
			files = (
				D17707951ACCA0930086941A /* mouvements.c in Sources */,
				D17707861AC614930086941A /* loadings.c in Sources */,
				D17707841AC60EF90086941A /* initialisation.c in Sources */,
				8F0B023E1AC5E2E900DA3FB1 /* main.c in Sources */,
			);
			runOnlyForDeploymentPostprocessing = 0;
		};
/* End PBXSourcesBuildPhase section */

/* Begin XCBuildConfiguration section */
		8F0B023F1AC5E2E900DA3FB1 /* Debug */ = {
			isa = XCBuildConfiguration;
			buildSettings = {
				ALWAYS_SEARCH_USER_PATHS = YES;
				CLANG_CXX_LANGUAGE_STANDARD = "gnu++0x";
				CLANG_CXX_LIBRARY = "libc++";
				CLANG_ENABLE_MODULES = YES;
				CLANG_ENABLE_OBJC_ARC = YES;
				CLANG_WARN_BOOL_CONVERSION = YES;
				CLANG_WARN_CONSTANT_CONVERSION = YES;
				CLANG_WARN_DIRECT_OBJC_ISA_USAGE = YES_ERROR;
				CLANG_WARN_EMPTY_BODY = YES;
				CLANG_WARN_ENUM_CONVERSION = YES;
				CLANG_WARN_INT_CONVERSION = YES;
				CLANG_WARN_OBJC_ROOT_CLASS = YES_ERROR;
				CLANG_WARN_UNREACHABLE_CODE = YES;
				CLANG_WARN__DUPLICATE_METHOD_MATCH = YES;
				COPY_PHASE_STRIP = NO;
				ENABLE_STRICT_OBJC_MSGSEND = YES;
				GCC_C_LANGUAGE_STANDARD = gnu99;
				GCC_DYNAMIC_NO_PIC = NO;
				GCC_OPTIMIZATION_LEVEL = 0;
				GCC_PREPROCESSOR_DEFINITIONS = (
					"DEBUG=1",
					"$(inherited)",
				);
				GCC_SYMBOLS_PRIVATE_EXTERN = NO;
				GCC_WARN_64_TO_32_BIT_CONVERSION = YES;
				GCC_WARN_ABOUT_RETURN_TYPE = YES_ERROR;
				GCC_WARN_UNDECLARED_SELECTOR = YES;
				GCC_WARN_UNINITIALIZED_AUTOS = YES_AGGRESSIVE;
				GCC_WARN_UNUSED_FUNCTION = YES;
				GCC_WARN_UNUSED_VARIABLE = YES;
				MACOSX_DEPLOYMENT_TARGET = 10.10;
				MTL_ENABLE_DEBUG_INFO = YES;
				ONLY_ACTIVE_ARCH = YES;
				SDKROOT = macosx;
			};
			name = Debug;
		};
		8F0B02401AC5E2E900DA3FB1 /* Release */ = {
			isa = XCBuildConfiguration;
			buildSettings = {
				ALWAYS_SEARCH_USER_PATHS = YES;
				CLANG_CXX_LANGUAGE_STANDARD = "gnu++0x";
				CLANG_CXX_LIBRARY = "libc++";
				CLANG_ENABLE_MODULES = YES;
				CLANG_ENABLE_OBJC_ARC = YES;
				CLANG_WARN_BOOL_CONVERSION = YES;
				CLANG_WARN_CONSTANT_CONVERSION = YES;
				CLANG_WARN_DIRECT_OBJC_ISA_USAGE = YES_ERROR;
				CLANG_WARN_EMPTY_BODY = YES;
				CLANG_WARN_ENUM_CONVERSION = YES;
				CLANG_WARN_INT_CONVERSION = YES;
				CLANG_WARN_OBJC_ROOT_CLASS = YES_ERROR;
				CLANG_WARN_UNREACHABLE_CODE = YES;
				CLANG_WARN__DUPLICATE_METHOD_MATCH = YES;
				COPY_PHASE_STRIP = NO;
				DEBUG_INFORMATION_FORMAT = "dwarf-with-dsym";
				ENABLE_NS_ASSERTIONS = NO;
				ENABLE_STRICT_OBJC_MSGSEND = YES;
				GCC_C_LANGUAGE_STANDARD = gnu99;
				GCC_WARN_64_TO_32_BIT_CONVERSION = YES;
				GCC_WARN_ABOUT_RETURN_TYPE = YES_ERROR;
				GCC_WARN_UNDECLARED_SELECTOR = YES;
				GCC_WARN_UNINITIALIZED_AUTOS = YES_AGGRESSIVE;
				GCC_WARN_UNUSED_FUNCTION = YES;
				GCC_WARN_UNUSED_VARIABLE = YES;
				MACOSX_DEPLOYMENT_TARGET = 10.10;
				MTL_ENABLE_DEBUG_INFO = NO;
				SDKROOT = macosx;
			};
			name = Release;
		};
		8F0B02421AC5E2E900DA3FB1 /* Debug */ = {
			isa = XCBuildConfiguration;
			buildSettings = {
				ALWAYS_SEARCH_USER_PATHS = YES;
				FRAMEWORK_SEARCH_PATHS = (
					"$(inherited)",
					"$(LOCAL_LIBRARY_DIR)/Frameworks",
				);
				INSTALL_PATH = /usr/local/bin;
				PRODUCT_NAME = "$(TARGET_NAME)";
			};
			name = Debug;
		};
		8F0B02431AC5E2E900DA3FB1 /* Release */ = {
			isa = XCBuildConfiguration;
			buildSettings = {
				ALWAYS_SEARCH_USER_PATHS = YES;
				FRAMEWORK_SEARCH_PATHS = (
					"$(inherited)",
					"$(LOCAL_LIBRARY_DIR)/Frameworks",
				);
				INSTALL_PATH = /usr/local/bin;
				PRODUCT_NAME = "$(TARGET_NAME)";
			};
			name = Release;
		};
/* End XCBuildConfiguration section */

/* Begin XCConfigurationList section */
		8F0B02351AC5E2E900DA3FB1 /* Build configuration list for PBXProject "space_invaders" */ = {
			isa = XCConfigurationList;
			buildConfigurations = (
				8F0B023F1AC5E2E900DA3FB1 /* Debug */,
				8F0B02401AC5E2E900DA3FB1 /* Release */,
			);
			defaultConfigurationIsVisible = 0;
			defaultConfigurationName = Release;
		};
		8F0B02411AC5E2E900DA3FB1 /* Build configuration list for PBXNativeTarget "space_invaders" */ = {
			isa = XCConfigurationList;
			buildConfigurations = (
				8F0B02421AC5E2E900DA3FB1 /* Debug */,
				8F0B02431AC5E2E900DA3FB1 /* Release */,
			);
			defaultConfigurationIsVisible = 0;
			defaultConfigurationName = Release;
		};
/* End XCConfigurationList section */
	};
	rootObject = 8F0B02321AC5E2E900DA3FB1 /* Project object */;
}
